
Microsoft Visual Studio Solution File, Format Version 12.00
Project("{FAE04EC0-301F-11D3-BF4B-00C04F79EFBC}") = "Proyecto_POO_BDD", "Proyecto_POO_BDD\Proyecto_POO_BDD.csproj", "{F21C6E40-3B06-42FD-A88D-DD50406E7B59}"
EndProject
Global
	GlobalSection(SolutionConfigurationPlatforms) = preSolution
		Debug|Any CPU = Debug|Any CPU
		Release|Any CPU = Release|Any CPU
	EndGlobalSection
	GlobalSection(ProjectConfigurationPlatforms) = postSolution
		{F21C6E40-3B06-42FD-A88D-DD50406E7B59}.Debug|Any CPU.ActiveCfg = Debug|Any CPU
		{F21C6E40-3B06-42FD-A88D-DD50406E7B59}.Debug|Any CPU.Build.0 = Debug|Any CPU
		{F21C6E40-3B06-42FD-A88D-DD50406E7B59}.Release|Any CPU.ActiveCfg = Release|Any CPU
		{F21C6E40-3B06-42FD-A88D-DD50406E7B59}.Release|Any CPU.Build.0 = Release|Any CPU
	EndGlobalSection
EndGlobal
